<?xml version="1.0" encoding="UTF-8" standalone="yes" ?>
<CodeBlocks_project_file>
	<FileVersion major="1" minor="6" />
	<Project>
		<Option title="SFML-2.0-TD" />
		<Option pch_mode="2" />
		<Option compiler="gcc" />
		<Build>
			<Target title="Debug">
				<Option output="bin/Debug/SFML-2" prefix_auto="1" extension_auto="1" />
				<Option object_output="obj/Debug/" />
				<Option type="1" />
				<Option compiler="gcc" />
				<Option use_console_runner="0" />
				<Compiler>
					<Add option="-O2" />
					<Add option="-std=c++0x" />
					<Add option="-pg" />
					<Add option="-g" />
					<Add option="-DSFML_STATIC" />
					<Add directory="../SFML/include" />
				</Compiler>
				<Linker>
					<Add option="-pg -lgmon" />
					<Add option="-pg" />
					<Add library="sfml-graphics" />
					<Add library="sfml-audio" />
					<Add library="sfml-window" />
					<Add library="sfml-system" />
					<Add directory="../SFML/lib" />
				</Linker>
			</Target>
			<Target title="Release">
				<Option output="bin/Release/SFML-2" prefix_auto="1" extension_auto="1" />
				<Option object_output="obj/Release/" />
				<Option type="0" />
				<Option compiler="gcc" />
				<Compiler>
					<Add option="-O2" />
					<Add option="-std=c++0x" />
					<Add option="-DSFML_STATIC" />
					<Add directory="../SFML/include" />
				</Compiler>
				<Linker>
					<Add option="-s" />
					<Add library="sfml-graphics" />
					<Add library="sfml-window" />
					<Add library="sfml-system" />
					<Add library="sfml-audio" />
					<Add directory="../SFML/lib" />
				</Linker>
			</Target>
		</Build>
		<Compiler>
			<Add option="-Wall" />
		</Compiler>
		<Unit filename="main.cc" />
		<Unit filename="src/AnimatedSprite.cc" />
		<Unit filename="src/AnimatedSprite.h" />
		<Unit filename="src/ClassManager.cpp" />
		<Unit filename="src/ClassManager.h" />
		<Unit filename="src/ClickManager/ClickManager.cpp" />
		<Unit filename="src/ClickManager/ClickManager.h" />
		<Unit filename="src/ClickManager/MapMatrix.cpp" />
		<Unit filename="src/ClickManager/MapMatrix.h" />
		<Unit filename="src/ClickManager/Player.cpp" />
		<Unit filename="src/ClickManager/Player.h" />
		<Unit filename="src/EventHandler.cc" />
		<Unit filename="src/EventHandler.h" />
		<Unit filename="src/EventUser.h" />
		<Unit filename="src/GameHandler.cc" />
		<Unit filename="src/GameHandler.h" />
		<Unit filename="src/GameObjects/Enemies/Enemy.cc" />
		<Unit filename="src/GameObjects/Enemies/Enemy.h" />
		<Unit filename="src/GameObjects/GameObject.cpp" />
		<Unit filename="src/GameObjects/GameObject.h" />
		<Unit filename="src/GameObjects/Menu/Button.cpp" />
		<Unit filename="src/GameObjects/Menu/Button.h" />
		<Unit filename="src/GameObjects/Menu/BuyMenu.cpp" />
		<Unit filename="src/GameObjects/Menu/BuyMenu.h" />
		<Unit filename="src/GameObjects/Menu/LoadMenu.cpp" />
		<Unit filename="src/GameObjects/Menu/LoadMenu.h" />
		<Unit filename="src/GameObjects/Menu/Menu.cpp" />
		<Unit filename="src/GameObjects/Menu/Menu.h" />
		<Unit filename="src/GameObjects/Menu/NextWaveMenu.cpp" />
		<Unit filename="src/GameObjects/Menu/NextWaveMenu.h" />
		<Unit filename="src/GameObjects/Menu/SoundMenu.cpp" />
		<Unit filename="src/GameObjects/Menu/SoundMenu.h" />
		<Unit filename="src/GameObjects/Menu/StartMenu.cpp" />
		<Unit filename="src/GameObjects/Menu/StartMenu.h" />
		<Unit filename="src/GameObjects/Menu/StatusBarMenu.cpp" />
		<Unit filename="src/GameObjects/Menu/StatusBarMenu.h" />
		<Unit filename="src/GameObjects/Menu/TrackMenu.cpp" />
		<Unit filename="src/GameObjects/Menu/TrackMenu.h" />
		<Unit filename="src/GameObjects/Menu/UpgradeMenu.cpp" />
		<Unit filename="src/GameObjects/Menu/UpgradeMenu.h" />
		<Unit filename="src/GameObjects/Projectiles/CannonProjectile.cpp" />
		<Unit filename="src/GameObjects/Projectiles/CannonProjectile.h" />
		<Unit filename="src/GameObjects/Projectiles/LongProjectile.cpp" />
		<Unit filename="src/GameObjects/Projectiles/LongProjectile.h" />
		<Unit filename="src/GameObjects/Projectiles/Projectile.cc" />
		<Unit filename="src/GameObjects/Projectiles/Projectile.h" />
		<Unit filename="src/GameObjects/Towers/CannonTower.cpp" />
		<Unit filename="src/GameObjects/Towers/CannonTower.h" />
		<Unit filename="src/GameObjects/Towers/LongTower.cpp" />
		<Unit filename="src/GameObjects/Towers/LongTower.h" />
		<Unit filename="src/GameObjects/Towers/Tower.cc" />
		<Unit filename="src/GameObjects/Towers/Tower.h" />
		<Unit filename="src/GameObjects/VisualEffects/VisualEffect.cc" />
		<Unit filename="src/GameObjects/VisualEffects/VisualEffect.h" />
		<Unit filename="src/Level.cc" />
		<Unit filename="src/Level.h" />
		<Unit filename="src/Loader/FontLoader.cc" />
		<Unit filename="src/Loader/FontLoader.h" />
		<Unit filename="src/Loader/Loader.cc" />
		<Unit filename="src/Loader/Loader.h" />
		<Unit filename="src/Loader/MusicLoader.cc" />
		<Unit filename="src/Loader/MusicLoader.h" />
		<Unit filename="src/Loader/SoundLoader.cc" />
		<Unit filename="src/Loader/SoundLoader.h" />
		<Unit filename="src/Loader/TextureLoader.cc" />
		<Unit filename="src/Loader/TextureLoader.h" />
		<Unit filename="src/MusicHandler.cc" />
		<Unit filename="src/MusicHandler.h" />
		<Unit filename="src/Wave/Wave.cpp" />
		<Unit filename="src/Wave/Wave.h" />
		<Unit filename="src/Wave/WaveHandler.cpp" />
		<Unit filename="src/Wave/WaveHandler.h" />
		<Extensions>
			<code_completion />
			<debugger />
			<envvars />
		</Extensions>
	</Project>
</CodeBlocks_project_file>
